
Microsoft Visual Studio Solution File, Format Version 12.00
# Visual Studio 15
VisualStudioVersion = 15.0.28307.421
MinimumVisualStudioVersion = 10.0.40219.1
Project("{F184B08F-C81C-45F6-A57F-5ABD9991F28F}") = "DataGridViewMasterVB", "DataGridViewMasterVB\DataGridViewMasterVB.vbproj", "{B1DB8EEE-6DE1-4EAF-B7B9-6404D8E8C77E}"
EndProject
Global
	GlobalSection(SolutionConfigurationPlatforms) = preSolution
		Debug|Any CPU = Debug|Any CPU
		Release|Any CPU = Release|Any CPU
	EndGlobalSection
	GlobalSection(ProjectConfigurationPlatforms) = postSolution
		{B1DB8EEE-6DE1-4EAF-B7B9-6404D8E8C77E}.Debug|Any CPU.ActiveCfg = Debug|Any CPU
		{B1DB8EEE-6DE1-4EAF-B7B9-6404D8E8C77E}.Debug|Any CPU.Build.0 = Debug|Any CPU
		{B1DB8EEE-6DE1-4EAF-B7B9-6404D8E8C77E}.Release|Any CPU.ActiveCfg = Release|Any CPU
		{B1DB8EEE-6DE1-4EAF-B7B9-6404D8E8C77E}.Release|Any CPU.Build.0 = Release|Any CPU
	EndGlobalSection
	GlobalSection(SolutionProperties) = preSolution
		HideSolutionNode = FALSE
	EndGlobalSection
	GlobalSection(ExtensibilityGlobals) = postSolution
		SolutionGuid = {96FD850F-A01C-4506-A0B1-3686A098FBE5}
	EndGlobalSection
EndGlobal
